
Microsoft Visual Studio Solution File, Format Version 12.00
# Visual Studio Version 17
VisualStudioVersion = 17.8.34112.27
MinimumVisualStudioVersion = 10.0.40219.1
Project("{FAE04EC0-301F-11D3-BF4B-00C04F79EFBC}") = "Project2WooxTravel", "Project2WooxTravel\Project2WooxTravel.csproj", "{E7A02C38-5526-4C70-AEF4-9951DD710D14}"
EndProject
Global
	GlobalSection(SolutionConfigurationPlatforms) = preSolution
		Debug|Any CPU = Debug|Any CPU
		Release|Any CPU = Release|Any CPU
	EndGlobalSection
	GlobalSection(ProjectConfigurationPlatforms) = postSolution
		{E7A02C38-5526-4C70-AEF4-9951DD710D14}.Debug|Any CPU.ActiveCfg = Debug|Any CPU
		{E7A02C38-5526-4C70-AEF4-9951DD710D14}.Debug|Any CPU.Build.0 = Debug|Any CPU
		{E7A02C38-5526-4C70-AEF4-9951DD710D14}.Release|Any CPU.ActiveCfg = Release|Any CPU
		{E7A02C38-5526-4C70-AEF4-9951DD710D14}.Release|Any CPU.Build.0 = Release|Any CPU
	EndGlobalSection
	GlobalSection(SolutionProperties) = preSolution
		HideSolutionNode = FALSE
	EndGlobalSection
	GlobalSection(ExtensibilityGlobals) = postSolution
		SolutionGuid = {6513A77D-EC7F-4281-99C8-EEC9986774B3}
	EndGlobalSection
EndGlobal
